{
  "name": "playwright-test-suite",
  "version": "1.0.0",
  "lockfileVersion": 3,
  "requires": true,
  "packages": {
    "": {
      "name": "playwright-test-suite",
      "version": "1.0.0",
      "license": "ISC",
      "devDependencies": {
        "@playwright/test": "^1.53.2",
        "@types/node": "^20.19.11",
        "dotenv": "^17.2.1",
        "junit-viewer": "^4.11.1",
        "vite": "^7.1.5",
        "vite-node": "^3.2.4",
        "vitest": "^3.2.4"
      }
    }
  }
}
